
Microsoft Visual Studio Solution File, Format Version 12.00
# Visual Studio Version 17
VisualStudioVersion = 17.0.32126.317
MinimumVisualStudioVersion = 10.0.40219.1
Project("{9A19103F-16F7-4668-BE54-9A1E7A4F7556}") = "Algorithm.Sorts", "Algorithm.Sorts\Algorithm.Sorts.csproj", "{98CED54C-ED33-4CD3-9C1B-E9D195613D5D}"
EndProject
Project("{9A19103F-16F7-4668-BE54-9A1E7A4F7556}") = "Trainning.Tests", "Trainning.Tests\Trainning.Tests.csproj", "{F31964E4-9D02-457D-9A37-2E13CBE63C89}"
EndProject
Project("{9A19103F-16F7-4668-BE54-9A1E7A4F7556}") = "WebApiHello", "WebApiHello\WebApiHello.csproj", "{3527C0E4-A73F-4CC3-953C-E17D1A9E7AC1}"
EndProject
Project("{FAE04EC0-301F-11D3-BF4B-00C04F79EFBC}") = "WebMvcHello", "WebMvcHello\WebMvcHello.csproj", "{F3AB4926-3909-4C0A-97DF-EC257624BE68}"
EndProject
Global
	GlobalSection(SolutionConfigurationPlatforms) = preSolution
		Debug|Any CPU = Debug|Any CPU
		Release|Any CPU = Release|Any CPU
	EndGlobalSection
	GlobalSection(ProjectConfigurationPlatforms) = postSolution
		{98CED54C-ED33-4CD3-9C1B-E9D195613D5D}.Debug|Any CPU.ActiveCfg = Debug|Any CPU
		{98CED54C-ED33-4CD3-9C1B-E9D195613D5D}.Debug|Any CPU.Build.0 = Debug|Any CPU
		{98CED54C-ED33-4CD3-9C1B-E9D195613D5D}.Release|Any CPU.ActiveCfg = Release|Any CPU
		{98CED54C-ED33-4CD3-9C1B-E9D195613D5D}.Release|Any CPU.Build.0 = Release|Any CPU
		{F31964E4-9D02-457D-9A37-2E13CBE63C89}.Debug|Any CPU.ActiveCfg = Debug|Any CPU
		{F31964E4-9D02-457D-9A37-2E13CBE63C89}.Debug|Any CPU.Build.0 = Debug|Any CPU
		{F31964E4-9D02-457D-9A37-2E13CBE63C89}.Release|Any CPU.ActiveCfg = Release|Any CPU
		{F31964E4-9D02-457D-9A37-2E13CBE63C89}.Release|Any CPU.Build.0 = Release|Any CPU
		{3527C0E4-A73F-4CC3-953C-E17D1A9E7AC1}.Debug|Any CPU.ActiveCfg = Debug|Any CPU
		{3527C0E4-A73F-4CC3-953C-E17D1A9E7AC1}.Debug|Any CPU.Build.0 = Debug|Any CPU
		{3527C0E4-A73F-4CC3-953C-E17D1A9E7AC1}.Release|Any CPU.ActiveCfg = Release|Any CPU
		{3527C0E4-A73F-4CC3-953C-E17D1A9E7AC1}.Release|Any CPU.Build.0 = Release|Any CPU
		{F3AB4926-3909-4C0A-97DF-EC257624BE68}.Debug|Any CPU.ActiveCfg = Debug|Any CPU
		{F3AB4926-3909-4C0A-97DF-EC257624BE68}.Debug|Any CPU.Build.0 = Debug|Any CPU
		{F3AB4926-3909-4C0A-97DF-EC257624BE68}.Release|Any CPU.ActiveCfg = Release|Any CPU
		{F3AB4926-3909-4C0A-97DF-EC257624BE68}.Release|Any CPU.Build.0 = Release|Any CPU
		{619E34E3-30A6-4EA6-8A4E-77696C1CAD05}.Debug|Any CPU.ActiveCfg = Debug|Any CPU
		{619E34E3-30A6-4EA6-8A4E-77696C1CAD05}.Debug|Any CPU.Build.0 = Debug|Any CPU
		{619E34E3-30A6-4EA6-8A4E-77696C1CAD05}.Release|Any CPU.ActiveCfg = Release|Any CPU
		{619E34E3-30A6-4EA6-8A4E-77696C1CAD05}.Release|Any CPU.Build.0 = Release|Any CPU
		{101D934A-F21B-4CA7-8222-DAE11B1ED47B}.Debug|Any CPU.ActiveCfg = Debug|Any CPU
		{101D934A-F21B-4CA7-8222-DAE11B1ED47B}.Debug|Any CPU.Build.0 = Debug|Any CPU
		{101D934A-F21B-4CA7-8222-DAE11B1ED47B}.Release|Any CPU.ActiveCfg = Release|Any CPU
		{101D934A-F21B-4CA7-8222-DAE11B1ED47B}.Release|Any CPU.Build.0 = Release|Any CPU
	EndGlobalSection
	GlobalSection(SolutionProperties) = preSolution
		HideSolutionNode = FALSE
	EndGlobalSection
	GlobalSection(ExtensibilityGlobals) = postSolution
		SolutionGuid = {8A1E6DAF-2650-4D23-BCCC-BA40684A2C6D}
	EndGlobalSection
EndGlobal
